
Microsoft Visual Studio Solution File, Format Version 12.00
# Visual Studio Version 17
VisualStudioVersion = 17.7.34003.232
MinimumVisualStudioVersion = 10.0.40219.1
Project("{FAE04EC0-301F-11D3-BF4B-00C04F79EFBC}") = "MVCAPIIntegration", "MVCAPIIntegration\MVCAPIIntegration.csproj", "{FA91E0F6-CF81-4F36-B9CE-F597EB0255E5}"
EndProject
Global
	GlobalSection(SolutionConfigurationPlatforms) = preSolution
		Debug|Any CPU = Debug|Any CPU
		Release|Any CPU = Release|Any CPU
	EndGlobalSection
	GlobalSection(ProjectConfigurationPlatforms) = postSolution
		{FA91E0F6-CF81-4F36-B9CE-F597EB0255E5}.Debug|Any CPU.ActiveCfg = Debug|Any CPU
		{FA91E0F6-CF81-4F36-B9CE-F597EB0255E5}.Debug|Any CPU.Build.0 = Debug|Any CPU
		{FA91E0F6-CF81-4F36-B9CE-F597EB0255E5}.Release|Any CPU.ActiveCfg = Release|Any CPU
		{FA91E0F6-CF81-4F36-B9CE-F597EB0255E5}.Release|Any CPU.Build.0 = Release|Any CPU
	EndGlobalSection
	GlobalSection(SolutionProperties) = preSolution
		HideSolutionNode = FALSE
	EndGlobalSection
	GlobalSection(ExtensibilityGlobals) = postSolution
		SolutionGuid = {F28AE753-19D0-458C-8B3F-9B6DFFC4AD5A}
	EndGlobalSection
EndGlobal
